
Microsoft Visual Studio Solution File, Format Version 12.00
# Visual Studio Version 17
VisualStudioVersion = 17.0.31903.59
MinimumVisualStudioVersion = 10.0.40219.1
Project("{2150E333-8FDC-42A3-9474-1A3956D46DE8}") = "src", "src", "{B26B355D-2ED5-48FF-8C9C-70BE78824167}"
EndProject
Project("{FAE04EC0-301F-11D3-BF4B-00C04F79EFBC}") = "AuctionService", "src\AuctionService\AuctionService.csproj", "{A5ADBC5F-A4B7-47FD-90EE-BA44004653C7}"
EndProject
Project("{FAE04EC0-301F-11D3-BF4B-00C04F79EFBC}") = "SearchService", "src\SearchService\SearchService.csproj", "{7F275248-9187-407A-A840-DF7FD687956F}"
EndProject
Project("{FAE04EC0-301F-11D3-BF4B-00C04F79EFBC}") = "Contracts", "src\Contracts\Contracts.csproj", "{BD2231F2-2A85-4CBF-80B3-7E164C9A5E22}"
EndProject
Global
	GlobalSection(SolutionConfigurationPlatforms) = preSolution
		Debug|Any CPU = Debug|Any CPU
		Release|Any CPU = Release|Any CPU
	EndGlobalSection
	GlobalSection(SolutionProperties) = preSolution
		HideSolutionNode = FALSE
	EndGlobalSection
	GlobalSection(ProjectConfigurationPlatforms) = postSolution
		{A5ADBC5F-A4B7-47FD-90EE-BA44004653C7}.Debug|Any CPU.ActiveCfg = Debug|Any CPU
		{A5ADBC5F-A4B7-47FD-90EE-BA44004653C7}.Debug|Any CPU.Build.0 = Debug|Any CPU
		{A5ADBC5F-A4B7-47FD-90EE-BA44004653C7}.Release|Any CPU.ActiveCfg = Release|Any CPU
		{A5ADBC5F-A4B7-47FD-90EE-BA44004653C7}.Release|Any CPU.Build.0 = Release|Any CPU
		{7F275248-9187-407A-A840-DF7FD687956F}.Debug|Any CPU.ActiveCfg = Debug|Any CPU
		{7F275248-9187-407A-A840-DF7FD687956F}.Debug|Any CPU.Build.0 = Debug|Any CPU
		{7F275248-9187-407A-A840-DF7FD687956F}.Release|Any CPU.ActiveCfg = Release|Any CPU
		{7F275248-9187-407A-A840-DF7FD687956F}.Release|Any CPU.Build.0 = Release|Any CPU
		{BD2231F2-2A85-4CBF-80B3-7E164C9A5E22}.Debug|Any CPU.ActiveCfg = Debug|Any CPU
		{BD2231F2-2A85-4CBF-80B3-7E164C9A5E22}.Debug|Any CPU.Build.0 = Debug|Any CPU
		{BD2231F2-2A85-4CBF-80B3-7E164C9A5E22}.Release|Any CPU.ActiveCfg = Release|Any CPU
		{BD2231F2-2A85-4CBF-80B3-7E164C9A5E22}.Release|Any CPU.Build.0 = Release|Any CPU
	EndGlobalSection
	GlobalSection(NestedProjects) = preSolution
		{A5ADBC5F-A4B7-47FD-90EE-BA44004653C7} = {B26B355D-2ED5-48FF-8C9C-70BE78824167}
		{7F275248-9187-407A-A840-DF7FD687956F} = {B26B355D-2ED5-48FF-8C9C-70BE78824167}
		{BD2231F2-2A85-4CBF-80B3-7E164C9A5E22} = {B26B355D-2ED5-48FF-8C9C-70BE78824167}
	EndGlobalSection
EndGlobal
